
Microsoft Visual Studio Solution File, Format Version 12.00
# Visual Studio 15
VisualStudioVersion = 15.0.27703.2000
MinimumVisualStudioVersion = 10.0.40219.1
Project("{FAE04EC0-301F-11D3-BF4B-00C04F79EFBC}") = "CorsoWpf.AsteroidRusset.WpfApp", "CorsoWpf.AsteroidRusset.WpfApp\CorsoWpf.AsteroidRusset.WpfApp.csproj", "{D2935C5A-37B0-4618-8977-2DFA959F9504}"
EndProject
Global
	GlobalSection(SolutionConfigurationPlatforms) = preSolution
		Debug|Any CPU = Debug|Any CPU
		Release|Any CPU = Release|Any CPU
	EndGlobalSection
	GlobalSection(ProjectConfigurationPlatforms) = postSolution
		{D2935C5A-37B0-4618-8977-2DFA959F9504}.Debug|Any CPU.ActiveCfg = Debug|Any CPU
		{D2935C5A-37B0-4618-8977-2DFA959F9504}.Debug|Any CPU.Build.0 = Debug|Any CPU
		{D2935C5A-37B0-4618-8977-2DFA959F9504}.Release|Any CPU.ActiveCfg = Release|Any CPU
		{D2935C5A-37B0-4618-8977-2DFA959F9504}.Release|Any CPU.Build.0 = Release|Any CPU
	EndGlobalSection
	GlobalSection(SolutionProperties) = preSolution
		HideSolutionNode = FALSE
	EndGlobalSection
	GlobalSection(ExtensibilityGlobals) = postSolution
		SolutionGuid = {E169844B-6B20-472A-BF0C-37B3D73921BE}
	EndGlobalSection
EndGlobal
